
Microsoft Visual Studio Solution File, Format Version 12.00
Project("{FAE04EC0-301F-11D3-BF4B-00C04F79EFBC}") = "lib", "lib\lib.csproj", "{90E275E9-AAD2-4BB9-B326-E40748ECA6D2}"
EndProject
Project("{FAE04EC0-301F-11D3-BF4B-00C04F79EFBC}") = "Genetic-Micro-Programs", "Genetic-Micro-Programs\Genetic-Micro-Programs.csproj", "{18EC6D3C-179B-430A-8FA5-15C5E21FDE8C}"
EndProject
Project("{FAE04EC0-301F-11D3-BF4B-00C04F79EFBC}") = "testObjects", "testObjects\testObjects.csproj", "{42FC9C98-CA16-4BB7-B91A-8061B4B8B922}"
EndProject
Global
	GlobalSection(SolutionConfigurationPlatforms) = preSolution
		Debug|Any CPU = Debug|Any CPU
		Release|Any CPU = Release|Any CPU
	EndGlobalSection
	GlobalSection(ProjectConfigurationPlatforms) = postSolution
		{90E275E9-AAD2-4BB9-B326-E40748ECA6D2}.Debug|Any CPU.ActiveCfg = Debug|Any CPU
		{90E275E9-AAD2-4BB9-B326-E40748ECA6D2}.Debug|Any CPU.Build.0 = Debug|Any CPU
		{90E275E9-AAD2-4BB9-B326-E40748ECA6D2}.Release|Any CPU.ActiveCfg = Release|Any CPU
		{90E275E9-AAD2-4BB9-B326-E40748ECA6D2}.Release|Any CPU.Build.0 = Release|Any CPU
		{18EC6D3C-179B-430A-8FA5-15C5E21FDE8C}.Debug|Any CPU.ActiveCfg = Debug|Any CPU
		{18EC6D3C-179B-430A-8FA5-15C5E21FDE8C}.Debug|Any CPU.Build.0 = Debug|Any CPU
		{18EC6D3C-179B-430A-8FA5-15C5E21FDE8C}.Release|Any CPU.ActiveCfg = Release|Any CPU
		{18EC6D3C-179B-430A-8FA5-15C5E21FDE8C}.Release|Any CPU.Build.0 = Release|Any CPU
		{42FC9C98-CA16-4BB7-B91A-8061B4B8B922}.Debug|Any CPU.ActiveCfg = Debug|Any CPU
		{42FC9C98-CA16-4BB7-B91A-8061B4B8B922}.Debug|Any CPU.Build.0 = Debug|Any CPU
		{42FC9C98-CA16-4BB7-B91A-8061B4B8B922}.Release|Any CPU.ActiveCfg = Release|Any CPU
		{42FC9C98-CA16-4BB7-B91A-8061B4B8B922}.Release|Any CPU.Build.0 = Release|Any CPU
	EndGlobalSection
EndGlobal
